// !$*UTF8*$!
{
	archiveVersion = 1;
	classes = {
	};
	objectVersion = 46;
	objects = {

/* Begin PBXBuildFile section */
		445C5E471A61FF4D00DB3E6D /* main.m in Sources */ = {isa = PBXBuildFile; fileRef = 445C5E461A61FF4D00DB3E6D /* main.m */; };
		445C5E4A1A61FF4D00DB3E6D /* AppDelegate.m in Sources */ = {isa = PBXBuildFile; fileRef = 445C5E491A61FF4D00DB3E6D /* AppDelegate.m */; };
		445C5E4D1A61FF4D00DB3E6D /* GameScene.m in Sources */ = {isa = PBXBuildFile; fileRef = 445C5E4C1A61FF4D00DB3E6D /* GameScene.m */; };
		445C5E4F1A61FF4D00DB3E6D /* GameScene.sks in Resources */ = {isa = PBXBuildFile; fileRef = 445C5E4E1A61FF4D00DB3E6D /* GameScene.sks */; };
		445C5E521A61FF4D00DB3E6D /* GameViewController.m in Sources */ = {isa = PBXBuildFile; fileRef = 445C5E511A61FF4D00DB3E6D /* GameViewController.m */; };
		445C5E551A61FF4D00DB3E6D /* Main.storyboard in Resources */ = {isa = PBXBuildFile; fileRef = 445C5E531A61FF4D00DB3E6D /* Main.storyboard */; };
		445C5E571A61FF4D00DB3E6D /* Images.xcassets in Resources */ = {isa = PBXBuildFile; fileRef = 445C5E561A61FF4D00DB3E6D /* Images.xcassets */; };
		445C5E5A1A61FF4D00DB3E6D /* LaunchScreen.xib in Resources */ = {isa = PBXBuildFile; fileRef = 445C5E581A61FF4D00DB3E6D /* LaunchScreen.xib */; };
		445C5E661A61FF4D00DB3E6D /* Tile_TowerTests.m in Sources */ = {isa = PBXBuildFile; fileRef = 445C5E651A61FF4D00DB3E6D /* Tile_TowerTests.m */; };
/* End PBXBuildFile section */

/* Begin PBXContainerItemProxy section */
		445C5E601A61FF4D00DB3E6D /* PBXContainerItemProxy */ = {
			isa = PBXContainerItemProxy;
			containerPortal = 445C5E391A61FF4C00DB3E6D /* Project object */;
			proxyType = 1;
			remoteGlobalIDString = 445C5E401A61FF4C00DB3E6D;
			remoteInfo = "Tile Tower";
		};
/* End PBXContainerItemProxy section */

/* Begin PBXFileReference section */
		445C5E411A61FF4C00DB3E6D /* Tile Tower.app */ = {isa = PBXFileReference; explicitFileType = wrapper.application; includeInIndex = 0; path = "Tile Tower.app"; sourceTree = BUILT_PRODUCTS_DIR; };
		445C5E451A61FF4D00DB3E6D /* Info.plist */ = {isa = PBXFileReference; lastKnownFileType = text.plist.xml; path = Info.plist; sourceTree = "<group>"; };
		445C5E461A61FF4D00DB3E6D /* main.m */ = {isa = PBXFileReference; lastKnownFileType = sourcecode.c.objc; path = main.m; sourceTree = "<group>"; };
		445C5E481A61FF4D00DB3E6D /* AppDelegate.h */ = {isa = PBXFileReference; lastKnownFileType = sourcecode.c.h; path = AppDelegate.h; sourceTree = "<group>"; };
		445C5E491A61FF4D00DB3E6D /* AppDelegate.m */ = {isa = PBXFileReference; lastKnownFileType = sourcecode.c.objc; path = AppDelegate.m; sourceTree = "<group>"; };
		445C5E4B1A61FF4D00DB3E6D /* GameScene.h */ = {isa = PBXFileReference; lastKnownFileType = sourcecode.c.h; path = GameScene.h; sourceTree = "<group>"; };
		445C5E4C1A61FF4D00DB3E6D /* GameScene.m */ = {isa = PBXFileReference; lastKnownFileType = sourcecode.c.objc; path = GameScene.m; sourceTree = "<group>"; };
		445C5E4E1A61FF4D00DB3E6D /* GameScene.sks */ = {isa = PBXFileReference; lastKnownFileType = file.sks; path = GameScene.sks; sourceTree = "<group>"; };
		445C5E501A61FF4D00DB3E6D /* GameViewController.h */ = {isa = PBXFileReference; lastKnownFileType = sourcecode.c.h; path = GameViewController.h; sourceTree = "<group>"; };
		445C5E511A61FF4D00DB3E6D /* GameViewController.m */ = {isa = PBXFileReference; lastKnownFileType = sourcecode.c.objc; path = GameViewController.m; sourceTree = "<group>"; };
		445C5E541A61FF4D00DB3E6D /* Base */ = {isa = PBXFileReference; lastKnownFileType = file.storyboard; name = Base; path = Base.lproj/Main.storyboard; sourceTree = "<group>"; };
		445C5E561A61FF4D00DB3E6D /* Images.xcassets */ = {isa = PBXFileReference; lastKnownFileType = folder.assetcatalog; path = Images.xcassets; sourceTree = "<group>"; };
		445C5E591A61FF4D00DB3E6D /* Base */ = {isa = PBXFileReference; lastKnownFileType = file.xib; name = Base; path = Base.lproj/LaunchScreen.xib; sourceTree = "<group>"; };
		445C5E5F1A61FF4D00DB3E6D /* Tile TowerTests.xctest */ = {isa = PBXFileReference; explicitFileType = wrapper.cfbundle; includeInIndex = 0; path = "Tile TowerTests.xctest"; sourceTree = BUILT_PRODUCTS_DIR; };
		445C5E641A61FF4D00DB3E6D /* Info.plist */ = {isa = PBXFileReference; lastKnownFileType = text.plist.xml; path = Info.plist; sourceTree = "<group>"; };
		445C5E651A61FF4D00DB3E6D /* Tile_TowerTests.m */ = {isa = PBXFileReference; lastKnownFileType = sourcecode.c.objc; path = Tile_TowerTests.m; sourceTree = "<group>"; };
/* End PBXFileReference section */

/* Begin PBXFrameworksBuildPhase section */
		445C5E3E1A61FF4C00DB3E6D /* Frameworks */ = {
			isa = PBXFrameworksBuildPhase;
			buildActionMask = 2147483647;
			files = (
			);
			runOnlyForDeploymentPostprocessing = 0;
		};
		445C5E5C1A61FF4D00DB3E6D /* Frameworks */ = {
			isa = PBXFrameworksBuildPhase;
			buildActionMask = 2147483647;
			files = (
			);
			runOnlyForDeploymentPostprocessing = 0;
		};
/* End PBXFrameworksBuildPhase section */

/* Begin PBXGroup section */
		445C5E381A61FF4C00DB3E6D = {
			isa = PBXGroup;
			children = (
				445C5E431A61FF4C00DB3E6D /* Tile Tower */,
				445C5E621A61FF4D00DB3E6D /* Tile TowerTests */,
				445C5E421A61FF4C00DB3E6D /* Products */,
			);
			sourceTree = "<group>";
		};
		445C5E421A61FF4C00DB3E6D /* Products */ = {
			isa = PBXGroup;
			children = (
				445C5E411A61FF4C00DB3E6D /* Tile Tower.app */,
				445C5E5F1A61FF4D00DB3E6D /* Tile TowerTests.xctest */,
			);
			name = Products;
			sourceTree = "<group>";
		};
		445C5E431A61FF4C00DB3E6D /* Tile Tower */ = {
			isa = PBXGroup;
			children = (
				445C5E481A61FF4D00DB3E6D /* AppDelegate.h */,
				445C5E491A61FF4D00DB3E6D /* AppDelegate.m */,
				445C5E4B1A61FF4D00DB3E6D /* GameScene.h */,
				445C5E4C1A61FF4D00DB3E6D /* GameScene.m */,
				445C5E4E1A61FF4D00DB3E6D /* GameScene.sks */,
				445C5E501A61FF4D00DB3E6D /* GameViewController.h */,
				445C5E511A61FF4D00DB3E6D /* GameViewController.m */,
				445C5E531A61FF4D00DB3E6D /* Main.storyboard */,
				445C5E561A61FF4D00DB3E6D /* Images.xcassets */,
				445C5E581A61FF4D00DB3E6D /* LaunchScreen.xib */,
				445C5E441A61FF4C00DB3E6D /* Supporting Files */,
			);
			path = "Tile Tower";
			sourceTree = "<group>";
		};
		445C5E441A61FF4C00DB3E6D /* Supporting Files */ = {
			isa = PBXGroup;
			children = (
				445C5E451A61FF4D00DB3E6D /* Info.plist */,
				445C5E461A61FF4D00DB3E6D /* main.m */,
			);
			name = "Supporting Files";
			sourceTree = "<group>";
		};
		445C5E621A61FF4D00DB3E6D /* Tile TowerTests */ = {
			isa = PBXGroup;
			children = (
				445C5E651A61FF4D00DB3E6D /* Tile_TowerTests.m */,
				445C5E631A61FF4D00DB3E6D /* Supporting Files */,
			);
			path = "Tile TowerTests";
			sourceTree = "<group>";
		};
		445C5E631A61FF4D00DB3E6D /* Supporting Files */ = {
			isa = PBXGroup;
			children = (
				445C5E641A61FF4D00DB3E6D /* Info.plist */,
			);
			name = "Supporting Files";
			sourceTree = "<group>";
		};
/* End PBXGroup section */

/* Begin PBXNativeTarget section */
		445C5E401A61FF4C00DB3E6D /* Tile Tower */ = {
			isa = PBXNativeTarget;
			buildConfigurationList = 445C5E691A61FF4D00DB3E6D /* Build configuration list for PBXNativeTarget "Tile Tower" */;
			buildPhases = (
				445C5E3D1A61FF4C00DB3E6D /* Sources */,
				445C5E3E1A61FF4C00DB3E6D /* Frameworks */,
				445C5E3F1A61FF4C00DB3E6D /* Resources */,
			);
			buildRules = (
			);
			dependencies = (
			);
			name = "Tile Tower";
			productName = "Tile Tower";
			productReference = 445C5E411A61FF4C00DB3E6D /* Tile Tower.app */;
			productType = "com.apple.product-type.application";
		};
		445C5E5E1A61FF4D00DB3E6D /* Tile TowerTests */ = {
			isa = PBXNativeTarget;
			buildConfigurationList = 445C5E6C1A61FF4D00DB3E6D /* Build configuration list for PBXNativeTarget "Tile TowerTests" */;
			buildPhases = (
				445C5E5B1A61FF4D00DB3E6D /* Sources */,
				445C5E5C1A61FF4D00DB3E6D /* Frameworks */,
				445C5E5D1A61FF4D00DB3E6D /* Resources */,
			);
			buildRules = (
			);
			dependencies = (
				445C5E611A61FF4D00DB3E6D /* PBXTargetDependency */,
			);
			name = "Tile TowerTests";
			productName = "Tile TowerTests";
			productReference = 445C5E5F1A61FF4D00DB3E6D /* Tile TowerTests.xctest */;
			productType = "com.apple.product-type.bundle.unit-test";
		};
/* End PBXNativeTarget section */

/* Begin PBXProject section */
		445C5E391A61FF4C00DB3E6D /* Project object */ = {
			isa = PBXProject;
			attributes = {
				LastUpgradeCheck = 0610;
				ORGANIZATIONNAME = "Louis Jacobowitz";
				TargetAttributes = {
					445C5E401A61FF4C00DB3E6D = {
						CreatedOnToolsVersion = 6.1.1;
					};
					445C5E5E1A61FF4D00DB3E6D = {
						CreatedOnToolsVersion = 6.1.1;
						TestTargetID = 445C5E401A61FF4C00DB3E6D;
					};
				};
			};
			buildConfigurationList = 445C5E3C1A61FF4C00DB3E6D /* Build configuration list for PBXProject "Tile Tower" */;
			compatibilityVersion = "Xcode 3.2";
			developmentRegion = English;
			hasScannedForEncodings = 0;
			knownRegions = (
				en,
				Base,
			);
			mainGroup = 445C5E381A61FF4C00DB3E6D;
			productRefGroup = 445C5E421A61FF4C00DB3E6D /* Products */;
			projectDirPath = "";
			projectRoot = "";
			targets = (
				445C5E401A61FF4C00DB3E6D /* Tile Tower */,
				445C5E5E1A61FF4D00DB3E6D /* Tile TowerTests */,
			);
		};
/* End PBXProject section */

/* Begin PBXResourcesBuildPhase section */
		445C5E3F1A61FF4C00DB3E6D /* Resources */ = {
			isa = PBXResourcesBuildPhase;
			buildActionMask = 2147483647;
			files = (
				445C5E5A1A61FF4D00DB3E6D /* LaunchScreen.xib in Resources */,
				445C5E571A61FF4D00DB3E6D /* Images.xcassets in Resources */,
				445C5E4F1A61FF4D00DB3E6D /* GameScene.sks in Resources */,
				445C5E551A61FF4D00DB3E6D /* Main.storyboard in Resources */,
			);
			runOnlyForDeploymentPostprocessing = 0;
		};
		445C5E5D1A61FF4D00DB3E6D /* Resources */ = {
			isa = PBXResourcesBuildPhase;
			buildActionMask = 2147483647;
			files = (
			);
			runOnlyForDeploymentPostprocessing = 0;
		};
/* End PBXResourcesBuildPhase section */

/* Begin PBXSourcesBuildPhase section */
		445C5E3D1A61FF4C00DB3E6D /* Sources */ = {
			isa = PBXSourcesBuildPhase;
			buildActionMask = 2147483647;
			files = (
				445C5E521A61FF4D00DB3E6D /* GameViewController.m in Sources */,
				445C5E4A1A61FF4D00DB3E6D /* AppDelegate.m in Sources */,
				445C5E4D1A61FF4D00DB3E6D /* GameScene.m in Sources */,
				445C5E471A61FF4D00DB3E6D /* main.m in Sources */,
			);
			runOnlyForDeploymentPostprocessing = 0;
		};
		445C5E5B1A61FF4D00DB3E6D /* Sources */ = {
			isa = PBXSourcesBuildPhase;
			buildActionMask = 2147483647;
			files = (
				445C5E661A61FF4D00DB3E6D /* Tile_TowerTests.m in Sources */,
			);
			runOnlyForDeploymentPostprocessing = 0;
		};
/* End PBXSourcesBuildPhase section */

/* Begin PBXTargetDependency section */
		445C5E611A61FF4D00DB3E6D /* PBXTargetDependency */ = {
			isa = PBXTargetDependency;
			target = 445C5E401A61FF4C00DB3E6D /* Tile Tower */;
			targetProxy = 445C5E601A61FF4D00DB3E6D /* PBXContainerItemProxy */;
		};
/* End PBXTargetDependency section */

/* Begin PBXVariantGroup section */
		445C5E531A61FF4D00DB3E6D /* Main.storyboard */ = {
			isa = PBXVariantGroup;
			children = (
				445C5E541A61FF4D00DB3E6D /* Base */,
			);
			name = Main.storyboard;
			sourceTree = "<group>";
		};
		445C5E581A61FF4D00DB3E6D /* LaunchScreen.xib */ = {
			isa = PBXVariantGroup;
			children = (
				445C5E591A61FF4D00DB3E6D /* Base */,
			);
			name = LaunchScreen.xib;
			sourceTree = "<group>";
		};
/* End PBXVariantGroup section */

/* Begin XCBuildConfiguration section */
		445C5E671A61FF4D00DB3E6D /* Debug */ = {
			isa = XCBuildConfiguration;
			buildSettings = {
				ALWAYS_SEARCH_USER_PATHS = NO;
				CLANG_CXX_LANGUAGE_STANDARD = "gnu++0x";
				CLANG_CXX_LIBRARY = "libc++";
				CLANG_ENABLE_MODULES = YES;
				CLANG_ENABLE_OBJC_ARC = YES;
				CLANG_WARN_BOOL_CONVERSION = YES;
				CLANG_WARN_CONSTANT_CONVERSION = YES;
				CLANG_WARN_DIRECT_OBJC_ISA_USAGE = YES_ERROR;
				CLANG_WARN_EMPTY_BODY = YES;
				CLANG_WARN_ENUM_CONVERSION = YES;
				CLANG_WARN_INT_CONVERSION = YES;
				CLANG_WARN_OBJC_ROOT_CLASS = YES_ERROR;
				CLANG_WARN_UNREACHABLE_CODE = YES;
				CLANG_WARN__DUPLICATE_METHOD_MATCH = YES;
				"CODE_SIGN_IDENTITY[sdk=iphoneos*]" = "iPhone Developer";
				COPY_PHASE_STRIP = NO;
				ENABLE_STRICT_OBJC_MSGSEND = YES;
				GCC_C_LANGUAGE_STANDARD = gnu99;
				GCC_DYNAMIC_NO_PIC = NO;
				GCC_OPTIMIZATION_LEVEL = 0;
				GCC_PREPROCESSOR_DEFINITIONS = (
					"DEBUG=1",
					"$(inherited)",
				);
				GCC_SYMBOLS_PRIVATE_EXTERN = NO;
				GCC_WARN_64_TO_32_BIT_CONVERSION = YES;
				GCC_WARN_ABOUT_RETURN_TYPE = YES_ERROR;
				GCC_WARN_UNDECLARED_SELECTOR = YES;
				GCC_WARN_UNINITIALIZED_AUTOS = YES_AGGRESSIVE;
				GCC_WARN_UNUSED_FUNCTION = YES;
				GCC_WARN_UNUSED_VARIABLE = YES;
				IPHONEOS_DEPLOYMENT_TARGET = 8.1;
				MTL_ENABLE_DEBUG_INFO = YES;
				ONLY_ACTIVE_ARCH = YES;
				SDKROOT = iphoneos;
			};
			name = Debug;
		};
		445C5E681A61FF4D00DB3E6D /* Release */ = {
			isa = XCBuildConfiguration;
			buildSettings = {
				ALWAYS_SEARCH_USER_PATHS = NO;
				CLANG_CXX_LANGUAGE_STANDARD = "gnu++0x";
				CLANG_CXX_LIBRARY = "libc++";
				CLANG_ENABLE_MODULES = YES;
				CLANG_ENABLE_OBJC_ARC = YES;
				CLANG_WARN_BOOL_CONVERSION = YES;
				CLANG_WARN_CONSTANT_CONVERSION = YES;
				CLANG_WARN_DIRECT_OBJC_ISA_USAGE = YES_ERROR;
				CLANG_WARN_EMPTY_BODY = YES;
				CLANG_WARN_ENUM_CONVERSION = YES;
				CLANG_WARN_INT_CONVERSION = YES;
				CLANG_WARN_OBJC_ROOT_CLASS = YES_ERROR;
				CLANG_WARN_UNREACHABLE_CODE = YES;
				CLANG_WARN__DUPLICATE_METHOD_MATCH = YES;
				"CODE_SIGN_IDENTITY[sdk=iphoneos*]" = "iPhone Developer";
				COPY_PHASE_STRIP = YES;
				ENABLE_NS_ASSERTIONS = NO;
				ENABLE_STRICT_OBJC_MSGSEND = YES;
				GCC_C_LANGUAGE_STANDARD = gnu99;
				GCC_WARN_64_TO_32_BIT_CONVERSION = YES;
				GCC_WARN_ABOUT_RETURN_TYPE = YES_ERROR;
				GCC_WARN_UNDECLARED_SELECTOR = YES;
				GCC_WARN_UNINITIALIZED_AUTOS = YES_AGGRESSIVE;
				GCC_WARN_UNUSED_FUNCTION = YES;
				GCC_WARN_UNUSED_VARIABLE = YES;
				IPHONEOS_DEPLOYMENT_TARGET = 8.1;
				MTL_ENABLE_DEBUG_INFO = NO;
				SDKROOT = iphoneos;
				VALIDATE_PRODUCT = YES;
			};
			name = Release;
		};
		445C5E6A1A61FF4D00DB3E6D /* Debug */ = {
			isa = XCBuildConfiguration;
			buildSettings = {
				ASSETCATALOG_COMPILER_APPICON_NAME = AppIcon;
				INFOPLIST_FILE = "Tile Tower/Info.plist";
				LD_RUNPATH_SEARCH_PATHS = "$(inherited) @executable_path/Frameworks";
				PRODUCT_NAME = "$(TARGET_NAME)";
			};
			name = Debug;
		};
		445C5E6B1A61FF4D00DB3E6D /* Release */ = {
			isa = XCBuildConfiguration;
			buildSettings = {
				ASSETCATALOG_COMPILER_APPICON_NAME = AppIcon;
				INFOPLIST_FILE = "Tile Tower/Info.plist";
				LD_RUNPATH_SEARCH_PATHS = "$(inherited) @executable_path/Frameworks";
				PRODUCT_NAME = "$(TARGET_NAME)";
			};
			name = Release;
		};
		445C5E6D1A61FF4D00DB3E6D /* Debug */ = {
			isa = XCBuildConfiguration;
			buildSettings = {
				BUNDLE_LOADER = "$(TEST_HOST)";
				FRAMEWORK_SEARCH_PATHS = (
					"$(SDKROOT)/Developer/Library/Frameworks",
					"$(inherited)",
				);
				GCC_PREPROCESSOR_DEFINITIONS = (
					"DEBUG=1",
					"$(inherited)",
				);
				INFOPLIST_FILE = "Tile TowerTests/Info.plist";
				LD_RUNPATH_SEARCH_PATHS = "$(inherited) @executable_path/Frameworks @loader_path/Frameworks";
				PRODUCT_NAME = "$(TARGET_NAME)";
				TEST_HOST = "$(BUILT_PRODUCTS_DIR)/Tile Tower.app/Tile Tower";
			};
			name = Debug;
		};
		445C5E6E1A61FF4D00DB3E6D /* Release */ = {
			isa = XCBuildConfiguration;
			buildSettings = {
				BUNDLE_LOADER = "$(TEST_HOST)";
				FRAMEWORK_SEARCH_PATHS = (
					"$(SDKROOT)/Developer/Library/Frameworks",
					"$(inherited)",
				);
				INFOPLIST_FILE = "Tile TowerTests/Info.plist";
				LD_RUNPATH_SEARCH_PATHS = "$(inherited) @executable_path/Frameworks @loader_path/Frameworks";
				PRODUCT_NAME = "$(TARGET_NAME)";
				TEST_HOST = "$(BUILT_PRODUCTS_DIR)/Tile Tower.app/Tile Tower";
			};
			name = Release;
		};
/* End XCBuildConfiguration section */

/* Begin XCConfigurationList section */
		445C5E3C1A61FF4C00DB3E6D /* Build configuration list for PBXProject "Tile Tower" */ = {
			isa = XCConfigurationList;
			buildConfigurations = (
				445C5E671A61FF4D00DB3E6D /* Debug */,
				445C5E681A61FF4D00DB3E6D /* Release */,
			);
			defaultConfigurationIsVisible = 0;
			defaultConfigurationName = Release;
		};
		445C5E691A61FF4D00DB3E6D /* Build configuration list for PBXNativeTarget "Tile Tower" */ = {
			isa = XCConfigurationList;
			buildConfigurations = (
				445C5E6A1A61FF4D00DB3E6D /* Debug */,
				445C5E6B1A61FF4D00DB3E6D /* Release */,
			);
			defaultConfigurationIsVisible = 0;
		};
		445C5E6C1A61FF4D00DB3E6D /* Build configuration list for PBXNativeTarget "Tile TowerTests" */ = {
			isa = XCConfigurationList;
			buildConfigurations = (
				445C5E6D1A61FF4D00DB3E6D /* Debug */,
				445C5E6E1A61FF4D00DB3E6D /* Release */,
			);
			defaultConfigurationIsVisible = 0;
		};
/* End XCConfigurationList section */
	};
	rootObject = 445C5E391A61FF4C00DB3E6D /* Project object */;
}
